
Microsoft Visual Studio Solution File, Format Version 12.00
# Visual Studio 15
VisualStudioVersion = 15.0.28307.1062
MinimumVisualStudioVersion = 10.0.40219.1
Project("{FAE04EC0-301F-11D3-BF4B-00C04F79EFBC}") = "QLGV_HS_THPT", "QLGV_HS_THPT\QLGV_HS_THPT.csproj", "{68FCD57C-65A7-4071-A6E0-24A6F9155E0C}"
EndProject
Global
	GlobalSection(SolutionConfigurationPlatforms) = preSolution
		Debug|Any CPU = Debug|Any CPU
		Release|Any CPU = Release|Any CPU
	EndGlobalSection
	GlobalSection(ProjectConfigurationPlatforms) = postSolution
		{68FCD57C-65A7-4071-A6E0-24A6F9155E0C}.Debug|Any CPU.ActiveCfg = Debug|Any CPU
		{68FCD57C-65A7-4071-A6E0-24A6F9155E0C}.Debug|Any CPU.Build.0 = Debug|Any CPU
		{68FCD57C-65A7-4071-A6E0-24A6F9155E0C}.Release|Any CPU.ActiveCfg = Release|Any CPU
		{68FCD57C-65A7-4071-A6E0-24A6F9155E0C}.Release|Any CPU.Build.0 = Release|Any CPU
	EndGlobalSection
	GlobalSection(SolutionProperties) = preSolution
		HideSolutionNode = FALSE
	EndGlobalSection
	GlobalSection(ExtensibilityGlobals) = postSolution
		SolutionGuid = {4B29DE52-080F-4A64-9F3A-745AB71A8746}
	EndGlobalSection
EndGlobal
